
Microsoft Visual Studio Solution File, Format Version 12.00
# Visual Studio Version 17
VisualStudioVersion = 17.5.33530.505
MinimumVisualStudioVersion = 10.0.40219.1
Project("{FAE04EC0-301F-11D3-BF4B-00C04F79EFBC}") = "RestApiCrudDemo", "RestApiCrudDemo\RestApiCrudDemo.csproj", "{A2081073-2BD2-4F86-8063-1560BE70BB01}"
EndProject
Global
	GlobalSection(SolutionConfigurationPlatforms) = preSolution
		Debug|Any CPU = Debug|Any CPU
		Release|Any CPU = Release|Any CPU
	EndGlobalSection
	GlobalSection(ProjectConfigurationPlatforms) = postSolution
		{A2081073-2BD2-4F86-8063-1560BE70BB01}.Debug|Any CPU.ActiveCfg = Debug|Any CPU
		{A2081073-2BD2-4F86-8063-1560BE70BB01}.Debug|Any CPU.Build.0 = Debug|Any CPU
		{A2081073-2BD2-4F86-8063-1560BE70BB01}.Release|Any CPU.ActiveCfg = Release|Any CPU
		{A2081073-2BD2-4F86-8063-1560BE70BB01}.Release|Any CPU.Build.0 = Release|Any CPU
	EndGlobalSection
	GlobalSection(SolutionProperties) = preSolution
		HideSolutionNode = FALSE
	EndGlobalSection
	GlobalSection(ExtensibilityGlobals) = postSolution
		SolutionGuid = {F528C9B2-D1DB-4518-BE72-53581E6CB916}
	EndGlobalSection
EndGlobal
